
Microsoft Visual Studio Solution File, Format Version 12.00
# Visual Studio Version 16
VisualStudioVersion = 16.0.30621.155
MinimumVisualStudioVersion = 10.0.40219.1
Project("{9A19103F-16F7-4668-BE54-9A1E7A4F7556}") = "BishalAgroSeed", "BishalAgroSeed\BishalAgroSeed.csproj", "{BE4AD37B-BD79-49C3-8941-618B429200CC}"
EndProject
Global
	GlobalSection(SolutionConfigurationPlatforms) = preSolution
		Debug|Any CPU = Debug|Any CPU
		Release|Any CPU = Release|Any CPU
	EndGlobalSection
	GlobalSection(ProjectConfigurationPlatforms) = postSolution
		{BE4AD37B-BD79-49C3-8941-618B429200CC}.Debug|Any CPU.ActiveCfg = Debug|Any CPU
		{BE4AD37B-BD79-49C3-8941-618B429200CC}.Debug|Any CPU.Build.0 = Debug|Any CPU
		{BE4AD37B-BD79-49C3-8941-618B429200CC}.Release|Any CPU.ActiveCfg = Release|Any CPU
		{BE4AD37B-BD79-49C3-8941-618B429200CC}.Release|Any CPU.Build.0 = Release|Any CPU
	EndGlobalSection
	GlobalSection(SolutionProperties) = preSolution
		HideSolutionNode = FALSE
	EndGlobalSection
	GlobalSection(ExtensibilityGlobals) = postSolution
		SolutionGuid = {AB47E574-E384-4893-B993-D6FE13A8DC8C}
	EndGlobalSection
EndGlobal
